<?xml version="1.0" encoding="utf-8"?>
<Project ToolsVersion="4.0" xmlns="http://schemas.microsoft.com/developer/msbuild/2003">
  <ItemGroup>
    <Filter Include="Source Files">
      <UniqueIdentifier>{4FC737F1-C7A5-4376-A066-2A32D752A2FF}</UniqueIdentifier>
      <Extensions>cpp;c;cc;cxx;c++;cppm;ixx;def;odl;idl;hpj;bat;asm;asmx</Extensions>
    </Filter>
    <Filter Include="Header Files">
      <UniqueIdentifier>{93995380-89BD-4b04-88EB-625FBE52EBFB}</UniqueIdentifier>
      <Extensions>h;hh;hpp;hxx;h++;hm;inl;inc;ipp;xsd</Extensions>
    </Filter>
    <Filter Include="Resource Files">
      <UniqueIdentifier>{67DA6AB6-F800-4c08-8B7A-83BB121AAD01}</UniqueIdentifier>
      <Extensions>rc;ico;cur;bmp;dlg;rc2;rct;bin;rgs;gif;jpg;jpeg;jpe;resx;tiff;tif;png;wav;mfcribbon-ms</Extensions>
    </Filter>
    <Filter Include="Header Files\Graphics">
      <UniqueIdentifier>{a0c3bb95-8b34-4ac8-beb5-284225bf666c}</UniqueIdentifier>
    </Filter>
    <Filter Include="Source Files\Graphics">
      <UniqueIdentifier>{ba39c5a2-d954-49c8-8022-0a3107ad6449}</UniqueIdentifier>
    </Filter>
    <Filter Include="Header Files\Input">
      <UniqueIdentifier>{5e5a8f7a-e3b1-41f3-8315-0e96e384b687}</UniqueIdentifier>
    </Filter>
    <Filter Include="Source Files\Input">
      <UniqueIdentifier>{aadfa211-df92-40b5-bca2-ab46f8a596f4}</UniqueIdentifier>
    </Filter>
    <Filter Include="Additional Files">
      <UniqueIdentifier>{7d16d55f-40de-4a85-befe-01e24a0ad570}</UniqueIdentifier>
    </Filter>
    <Filter Include="Header Files\Debug">
      <UniqueIdentifier>{568970ee-7f96-4517-9ad7-e74e332a28cd}</UniqueIdentifier>
    </Filter>
    <Filter Include="Source Files\Debug">
      <UniqueIdentifier>{d189e708-80f6-49d8-a91a-904b44fa8935}</UniqueIdentifier>
    </Filter>
    <Filter Include="Header Files\Utility">
      <UniqueIdentifier>{dfaea5fc-6277-4ca5-8837-6f8ebb65f9ce}</UniqueIdentifier>
    </Filter>
    <Filter Include="Source Files\Utility">
      <UniqueIdentifier>{941840f7-c734-47b5-8322-34ab35900924}</UniqueIdentifier>
    </Filter>
    <Filter Include="Additional Files\ImGui">
      <UniqueIdentifier>{8cbc9983-9789-4f73-9e44-77485f7fae56}</UniqueIdentifier>
    </Filter>
    <Filter Include="Header Files\Collision">
      <UniqueIdentifier>{c5f411ed-d836-4f89-a6b8-85e7498a6ec3}</UniqueIdentifier>
    </Filter>
    <Filter Include="Header Files\Movement">
      <UniqueIdentifier>{60f72c3d-3774-4192-891c-ca7f8fdb5c67}</UniqueIdentifier>
    </Filter>
    <Filter Include="Source Files\Movement">
      <UniqueIdentifier>{56fc3188-eb90-48e3-9bfb-a53d81600f31}</UniqueIdentifier>
    </Filter>
    <Filter Include="Source Files\Collision">
      <UniqueIdentifier>{4d89859f-1b3a-4803-9f4f-a4eeb04ccd4d}</UniqueIdentifier>
    </Filter>
    <Filter Include="Header Files\GameObjects">
      <UniqueIdentifier>{38a374db-5d30-44e6-9239-be594ace1ddc}</UniqueIdentifier>
    </Filter>
    <Filter Include="Source Files\GameObjects">
      <UniqueIdentifier>{93c52514-b556-4ce8-b505-725be61fcd5f}</UniqueIdentifier>
    </Filter>
    <Filter Include="Header Files\GameLogic">
      <UniqueIdentifier>{293bafbe-b3f5-4c23-b323-73ac068e8888}</UniqueIdentifier>
    </Filter>
    <Filter Include="Source Files\GameLogic">
      <UniqueIdentifier>{451c85e0-6aa4-4ccf-a656-2c5b4b380fe9}</UniqueIdentifier>
    </Filter>
    <Filter Include="Source Files\GameLogic\Tamagotchi">
      <UniqueIdentifier>{6fd52fb3-9626-44e3-aaee-953fcc6a30b2}</UniqueIdentifier>
    </Filter>
    <Filter Include="Header Files\GameLogic\Tamagotchi">
      <UniqueIdentifier>{adc20b86-fb9e-4dcb-ad9f-7be31a1defea}</UniqueIdentifier>
    </Filter>
    <Filter Include="Header Files\Events">
      <UniqueIdentifier>{244aa8a2-d83a-40fe-9566-c95cccb8691e}</UniqueIdentifier>
    </Filter>
    <Filter Include="Header Files\Map">
      <UniqueIdentifier>{0ebd3050-1f4d-4e22-9b71-ff3b12f03f47}</UniqueIdentifier>
    </Filter>
    <Filter Include="Source Files\Map">
      <UniqueIdentifier>{2f6ced8f-0d82-4c68-a894-730183516734}</UniqueIdentifier>
    </Filter>
    <Filter Include="Header Files\Cameras">
      <UniqueIdentifier>{a76acb63-23a5-4a9e-b665-5aaeaf8bac50}</UniqueIdentifier>
    </Filter>
    <Filter Include="Source Files\Cameras">
      <UniqueIdentifier>{f05392a6-b5d0-41b4-b773-5f422b4395a8}</UniqueIdentifier>
    </Filter>
    <Filter Include="Header Files\Input\Commands">
      <UniqueIdentifier>{b8d67289-5dd1-4f6e-9805-471f15c0733e}</UniqueIdentifier>
    </Filter>
    <Filter Include="Source Files\Input\Commands">
      <UniqueIdentifier>{abee0056-e936-4448-9e05-dae8f2562e3d}</UniqueIdentifier>
    </Filter>
    <Filter Include="Source Files\Input\Mappings">
      <UniqueIdentifier>{a977e29e-0eb5-413d-8f05-e90bf1c38590}</UniqueIdentifier>
    </Filter>
    <Filter Include="Source Files\Input\Devices">
      <UniqueIdentifier>{95d8d664-20f3-41df-98ea-7ef1c35e4291}</UniqueIdentifier>
    </Filter>
    <Filter Include="Source Files\Input\Instances">
      <UniqueIdentifier>{2e9bd7fd-60b2-42ad-8b2d-a2172f994020}</UniqueIdentifier>
    </Filter>
    <Filter Include="Header Files\Input\Mappings">
      <UniqueIdentifier>{4a630fc8-e311-4dff-b2d2-9d13bf3be9cf}</UniqueIdentifier>
    </Filter>
    <Filter Include="Header Files\Input\Devices">
      <UniqueIdentifier>{2b9ae54a-0e41-4636-b02b-1c8f1c4ac4e2}</UniqueIdentifier>
    </Filter>
    <Filter Include="Header Files\Input\Instances">
      <UniqueIdentifier>{d65526dd-7273-4c6f-99bf-ffddad4a1c88}</UniqueIdentifier>
    </Filter>
    <Filter Include="Header Files\Cameras\Attachments">
      <UniqueIdentifier>{bc8807d8-dd80-4c87-9a09-3e4468dad428}</UniqueIdentifier>
    </Filter>
    <Filter Include="Source Files\Cameras\Attachments">
      <UniqueIdentifier>{931a5359-d519-4b9e-82fe-f65667376e22}</UniqueIdentifier>
    </Filter>
    <Filter Include="Header Files\Map\Layers">
      <UniqueIdentifier>{468c55ad-d830-43fa-b91c-9b659f539f46}</UniqueIdentifier>
    </Filter>
    <Filter Include="Source Files\Map\Layers">
      <UniqueIdentifier>{4f368a63-d246-4aaa-839e-7da9972aeb06}</UniqueIdentifier>
    </Filter>
    <Filter Include="Header Files\Collision\Objects">
      <UniqueIdentifier>{8da8debb-0b8d-45c1-8d47-c98d22c6fbed}</UniqueIdentifier>
    </Filter>
    <Filter Include="Header Files\Engine">
      <UniqueIdentifier>{2ec5e0df-e376-4b2e-b19c-36c95b57ad62}</UniqueIdentifier>
    </Filter>
    <Filter Include="Source Files\Engine">
      <UniqueIdentifier>{b1b8abc0-1c7d-4795-ac6b-0851abc17ca3}</UniqueIdentifier>
    </Filter>
    <Filter Include="Header Files\GameLogic\Resources">
      <UniqueIdentifier>{ef77bf3e-6a41-4a9b-8055-e9cf8111b33d}</UniqueIdentifier>
    </Filter>
    <Filter Include="Source Files\GameLogic\Resources">
      <UniqueIdentifier>{91f158be-9a99-40c4-9056-442c60d04b57}</UniqueIdentifier>
    </Filter>
    <Filter Include="Source Files\GameLogic\ModelCommands">
      <UniqueIdentifier>{a735d5f6-bff1-4646-b8a1-6001c4c68636}</UniqueIdentifier>
    </Filter>
    <Filter Include="Header Files\GameLogic\ModelCommands">
      <UniqueIdentifier>{e2fe0b9f-7065-42b1-8fc1-ea875dd33925}</UniqueIdentifier>
    </Filter>
  </ItemGroup>
  <ItemGroup>
    <ClCompile Include="main.cpp">
      <Filter>Source Files</Filter>
    </ClCompile>
    <ClCompile Include="Texture.cpp">
      <Filter>Source Files\Graphics</Filter>
    </ClCompile>
    <ClCompile Include="DebugShape.cpp">
      <Filter>Source Files\Graphics</Filter>
    </ClCompile>
    <ClCompile Include="SpriteSheet.cpp">
      <Filter>Source Files\Graphics</Filter>
    </ClCompile>
    <ClCompile Include="SpriteAnimation.cpp">
      <Filter>Source Files\Graphics</Filter>
    </ClCompile>
    <ClCompile Include="ImGuiManager.cpp">
      <Filter>Source Files\Debug</Filter>
    </ClCompile>
    <ClCompile Include="Timer.cpp">
      <Filter>Source Files\Utility</Filter>
    </ClCompile>
    <ClCompile Include="Drawable.cpp">
      <Filter>Source Files\Graphics</Filter>
    </ClCompile>
    <ClCompile Include="TextureManager.cpp">
      <Filter>Source Files\Graphics</Filter>
    </ClCompile>
    <ClCompile Include="ErrorManager.cpp">
      <Filter>Source Files\Debug</Filter>
    </ClCompile>
    <ClCompile Include="imgui\imgui.cpp">
      <Filter>Additional Files\ImGui</Filter>
    </ClCompile>
    <ClCompile Include="imgui\imgui_demo.cpp">
      <Filter>Additional Files\ImGui</Filter>
    </ClCompile>
    <ClCompile Include="imgui\imgui_draw.cpp">
      <Filter>Additional Files\ImGui</Filter>
    </ClCompile>
    <ClCompile Include="imgui\imgui_impl_sdl2.cpp">
      <Filter>Additional Files\ImGui</Filter>
    </ClCompile>
    <ClCompile Include="imgui\imgui_impl_sdlrenderer2.cpp">
      <Filter>Additional Files\ImGui</Filter>
    </ClCompile>
    <ClCompile Include="imgui\imgui_tables.cpp">
      <Filter>Additional Files\ImGui</Filter>
    </ClCompile>
    <ClCompile Include="imgui\imgui_widgets.cpp">
      <Filter>Additional Files\ImGui</Filter>
    </ClCompile>
    <ClCompile Include="ImGuiUser.cpp">
      <Filter>Source Files\Debug</Filter>
    </ClCompile>
    <ClCompile Include="Transformable.cpp">
      <Filter>Source Files\Movement</Filter>
    </ClCompile>
    <ClCompile Include="GameObject.cpp">
      <Filter>Source Files\GameObjects</Filter>
    </ClCompile>
    <ClCompile Include="PlayerController.cpp">
      <Filter>Source Files\Input</Filter>
    </ClCompile>
    <ClCompile Include="InputDeviceManager.cpp">
      <Filter>Source Files\Input</Filter>
    </ClCompile>
    <ClCompile Include="Logger.cpp">
      <Filter>Source Files\Debug</Filter>
    </ClCompile>
    <ClCompile Include="ProjectileGameObject.cpp">
      <Filter>Source Files\GameObjects</Filter>
    </ClCompile>
    <ClCompile Include="PetModel.cpp">
      <Filter>Source Files\GameLogic\Tamagotchi</Filter>
    </ClCompile>
    <ClCompile Include="TamagotchiModel.cpp">
      <Filter>Source Files\GameLogic\Tamagotchi</Filter>
    </ClCompile>
    <ClCompile Include="Clock.cpp">
      <Filter>Source Files\GameLogic\Tamagotchi</Filter>
    </ClCompile>
    <ClCompile Include="Time.cpp">
      <Filter>Source Files\GameLogic\Tamagotchi</Filter>
    </ClCompile>
    <ClCompile Include="AutomaticClock.cpp">
      <Filter>Source Files\GameLogic\Tamagotchi</Filter>
    </ClCompile>
    <ClCompile Include="Tilemap.cpp">
      <Filter>Source Files\Map</Filter>
    </ClCompile>
    <ClCompile Include="Camera.cpp">
      <Filter>Source Files\Cameras</Filter>
    </ClCompile>
    <ClCompile Include="MoveObjectInputCommand.cpp">
      <Filter>Source Files\Input\Commands</Filter>
    </ClCompile>
    <ClCompile Include="ShootGunInputCommand.cpp">
      <Filter>Source Files\Input\Commands</Filter>
    </ClCompile>
    <ClCompile Include="MoveCameraInputCommand.cpp">
      <Filter>Source Files\Input\Commands</Filter>
    </ClCompile>
    <ClCompile Include="GamepadMapping.cpp">
      <Filter>Source Files\Input\Mappings</Filter>
    </ClCompile>
    <ClCompile Include="KeyboardMouseMapping.cpp">
      <Filter>Source Files\Input\Mappings</Filter>
    </ClCompile>
    <ClCompile Include="GamepadDevice.cpp">
      <Filter>Source Files\Input\Devices</Filter>
    </ClCompile>
    <ClCompile Include="KeyboardMouseDevice.cpp">
      <Filter>Source Files\Input\Devices</Filter>
    </ClCompile>
    <ClCompile Include="GamepadInstance.cpp">
      <Filter>Source Files\Input\Instances</Filter>
    </ClCompile>
    <ClCompile Include="ControllerInstance.cpp">
      <Filter>Source Files\Input\Instances</Filter>
    </ClCompile>
    <ClCompile Include="KeyboardMouseInstance.cpp">
      <Filter>Source Files\Input\Instances</Filter>
    </ClCompile>
    <ClCompile Include="LockOnAttachment.cpp">
      <Filter>Source Files\Cameras\Attachments</Filter>
    </ClCompile>
    <ClCompile Include="TilemapLayer.cpp">
      <Filter>Source Files\Map\Layers</Filter>
    </ClCompile>
    <ClCompile Include="TilemapTileLayer.cpp">
      <Filter>Source Files\Map\Layers</Filter>
    </ClCompile>
    <ClCompile Include="TilemapObjectLayer.cpp">
      <Filter>Source Files\Map\Layers</Filter>
    </ClCompile>
    <ClCompile Include="Tileset.cpp">
      <Filter>Source Files\Map</Filter>
    </ClCompile>
    <ClCompile Include="CollisionSystem.cpp">
      <Filter>Source Files\Collision</Filter>
    </ClCompile>
    <ClCompile Include="GameModel.cpp">
      <Filter>Source Files\GameLogic</Filter>
    </ClCompile>
    <ClCompile Include="Window.cpp">
      <Filter>Source Files\Engine</Filter>
    </ClCompile>
    <ClCompile Include="Engine.cpp">
      <Filter>Source Files\Engine</Filter>
    </ClCompile>
    <ClCompile Include="CameraManager.cpp">
      <Filter>Source Files\Cameras</Filter>
    </ClCompile>
    <ClCompile Include="ConstraintAttachment.cpp">
      <Filter>Source Files\Cameras\Attachments</Filter>
    </ClCompile>
    <ClCompile Include="TextureDrawRequest.cpp">
      <Filter>Source Files\Engine</Filter>
    </ClCompile>
    <ClCompile Include="TileDrawRequest.cpp">
      <Filter>Source Files\Engine</Filter>
    </ClCompile>
    <ClCompile Include="EngineAccess.cpp">
      <Filter>Source Files\Engine</Filter>
    </ClCompile>
    <ClCompile Include="Resource.cpp">
      <Filter>Source Files\GameLogic\Resources</Filter>
    </ClCompile>
    <ClCompile Include="StepResourceModifier.cpp">
      <Filter>Source Files\GameLogic\Resources</Filter>
    </ClCompile>
    <ClCompile Include="CollisionVisitor.cpp">
      <Filter>Source Files\Collision</Filter>
    </ClCompile>
    <ClCompile Include="CollisionResolver.cpp">
      <Filter>Source Files\Collision</Filter>
    </ClCompile>
    <ClCompile Include="PowerUpGameObject.cpp">
      <Filter>Source Files\GameObjects</Filter>
    </ClCompile>
    <ClCompile Include="MoveObjectModelCommand.cpp">
      <Filter>Source Files\GameLogic\ModelCommands</Filter>
    </ClCompile>
    <ClCompile Include="GameModelAccess.cpp">
      <Filter>Source Files\GameLogic</Filter>
    </ClCompile>
    <ClCompile Include="ChangeHealthModelCommand.cpp">
      <Filter>Source Files\GameLogic\ModelCommands</Filter>
    </ClCompile>
    <ClCompile Include="MoveCameraModelCommand.cpp">
      <Filter>Source Files\GameLogic\ModelCommands</Filter>
    </ClCompile>
  </ItemGroup>
  <ItemGroup>
    <ClInclude Include="Texture.h">
      <Filter>Header Files\Graphics</Filter>
    </ClInclude>
    <ClInclude Include="DebugShape.h">
      <Filter>Header Files\Graphics</Filter>
    </ClInclude>
    <ClInclude Include="SpriteSheet.h">
      <Filter>Header Files\Graphics</Filter>
    </ClInclude>
    <ClInclude Include="SpriteAnimation.h">
      <Filter>Header Files\Graphics</Filter>
    </ClInclude>
    <ClInclude Include="ImGuiManager.h">
      <Filter>Header Files\Debug</Filter>
    </ClInclude>
    <ClInclude Include="Timer.h">
      <Filter>Header Files\Utility</Filter>
    </ClInclude>
    <ClInclude Include="Drawable.h">
      <Filter>Header Files\Graphics</Filter>
    </ClInclude>
    <ClInclude Include="AnimatedSprite.h">
      <Filter>Header Files\Graphics</Filter>
    </ClInclude>
    <ClInclude Include="TextureManager.h">
      <Filter>Header Files\Graphics</Filter>
    </ClInclude>
    <ClInclude Include="ErrorManager.h">
      <Filter>Header Files\Debug</Filter>
    </ClInclude>
    <ClInclude Include="imgui\imconfig.h">
      <Filter>Additional Files\ImGui</Filter>
    </ClInclude>
    <ClInclude Include="imgui\imgui.h">
      <Filter>Additional Files\ImGui</Filter>
    </ClInclude>
    <ClInclude Include="imgui\imgui_impl_sdl2.h">
      <Filter>Additional Files\ImGui</Filter>
    </ClInclude>
    <ClInclude Include="imgui\imgui_impl_sdlrenderer2.h">
      <Filter>Additional Files\ImGui</Filter>
    </ClInclude>
    <ClInclude Include="imgui\imgui_internal.h">
      <Filter>Additional Files\ImGui</Filter>
    </ClInclude>
    <ClInclude Include="imgui\imstb_rectpack.h">
      <Filter>Additional Files\ImGui</Filter>
    </ClInclude>
    <ClInclude Include="imgui\imstb_textedit.h">
      <Filter>Additional Files\ImGui</Filter>
    </ClInclude>
    <ClInclude Include="imgui\imstb_truetype.h">
      <Filter>Additional Files\ImGui</Filter>
    </ClInclude>
    <ClInclude Include="ImGuiUser.h">
      <Filter>Header Files\Debug</Filter>
    </ClInclude>
    <ClInclude Include="Transformable.h">
      <Filter>Header Files\Movement</Filter>
    </ClInclude>
    <ClInclude Include="GameObject.h">
      <Filter>Header Files\GameObjects</Filter>
    </ClInclude>
    <ClInclude Include="Vector2.h">
      <Filter>Header Files\Utility</Filter>
    </ClInclude>
    <ClInclude Include="PlayerController.h">
      <Filter>Header Files\Input</Filter>
    </ClInclude>
    <ClInclude Include="InputDeviceManager.h">
      <Filter>Header Files\Input</Filter>
    </ClInclude>
    <ClInclude Include="Logger.h">
      <Filter>Header Files\Debug</Filter>
    </ClInclude>
    <ClInclude Include="ProjectileGameObject.h">
      <Filter>Header Files\GameObjects</Filter>
    </ClInclude>
    <ClInclude Include="IModel.h">
      <Filter>Header Files\GameLogic</Filter>
    </ClInclude>
    <ClInclude Include="Clock.h">
      <Filter>Header Files\GameLogic\Tamagotchi</Filter>
    </ClInclude>
    <ClInclude Include="PetModel.h">
      <Filter>Header Files\GameLogic\Tamagotchi</Filter>
    </ClInclude>
    <ClInclude Include="TamagotchiModel.h">
      <Filter>Header Files\GameLogic\Tamagotchi</Filter>
    </ClInclude>
    <ClInclude Include="Time.h">
      <Filter>Header Files\GameLogic\Tamagotchi</Filter>
    </ClInclude>
    <ClInclude Include="AutomaticClock.h">
      <Filter>Header Files\GameLogic\Tamagotchi</Filter>
    </ClInclude>
    <ClInclude Include="ListenerReporter.h">
      <Filter>Header Files\Utility</Filter>
    </ClInclude>
    <ClInclude Include="TimeChangedEvent.h">
      <Filter>Header Files\Events</Filter>
    </ClInclude>
    <ClInclude Include="ResourceChangedEvent.h">
      <Filter>Header Files\Events</Filter>
    </ClInclude>
    <ClInclude Include="Tilemap.h">
      <Filter>Header Files\Map</Filter>
    </ClInclude>
    <ClInclude Include="Camera.h">
      <Filter>Header Files\Cameras</Filter>
    </ClInclude>
    <ClInclude Include="InputCommand.h">
      <Filter>Header Files\Input\Commands</Filter>
    </ClInclude>
    <ClInclude Include="MoveObjectInputCommand.h">
      <Filter>Header Files\Input\Commands</Filter>
    </ClInclude>
    <ClInclude Include="ShootGunInputCommand.h">
      <Filter>Header Files\Input\Commands</Filter>
    </ClInclude>
    <ClInclude Include="MoveCameraInputCommand.h">
      <Filter>Header Files\Input\Commands</Filter>
    </ClInclude>
    <ClInclude Include="GamepadDevice.h">
      <Filter>Header Files\Input\Devices</Filter>
    </ClInclude>
    <ClInclude Include="KeyboardMouseDevice.h">
      <Filter>Header Files\Input\Devices</Filter>
    </ClInclude>
    <ClInclude Include="GamepadMapping.h">
      <Filter>Header Files\Input\Mappings</Filter>
    </ClInclude>
    <ClInclude Include="KeyboardMouseMapping.h">
      <Filter>Header Files\Input\Mappings</Filter>
    </ClInclude>
    <ClInclude Include="ControllerInstance.h">
      <Filter>Header Files\Input\Instances</Filter>
    </ClInclude>
    <ClInclude Include="GamepadInstance.h">
      <Filter>Header Files\Input\Instances</Filter>
    </ClInclude>
    <ClInclude Include="KeyboardMouseInstance.h">
      <Filter>Header Files\Input\Instances</Filter>
    </ClInclude>
    <ClInclude Include="CameraAttachment.h">
      <Filter>Header Files\Cameras\Attachments</Filter>
    </ClInclude>
    <ClInclude Include="LockOnAttachment.h">
      <Filter>Header Files\Cameras\Attachments</Filter>
    </ClInclude>
    <ClInclude Include="TilemapLayer.h">
      <Filter>Header Files\Map\Layers</Filter>
    </ClInclude>
    <ClInclude Include="TilemapTileLayer.h">
      <Filter>Header Files\Map\Layers</Filter>
    </ClInclude>
    <ClInclude Include="Tileset.h">
      <Filter>Header Files\Map</Filter>
    </ClInclude>
    <ClInclude Include="TilemapObjectLayer.h">
      <Filter>Header Files\Map\Layers</Filter>
    </ClInclude>
    <ClInclude Include="CollisionSystem.h">
      <Filter>Header Files\Collision</Filter>
    </ClInclude>
    <ClInclude Include="Circle.h">
      <Filter>Header Files\Collision\Objects</Filter>
    </ClInclude>
    <ClInclude Include="AABB.h">
      <Filter>Header Files\Collision\Objects</Filter>
    </ClInclude>
    <ClInclude Include="OBB.h">
      <Filter>Header Files\Collision\Objects</Filter>
    </ClInclude>
    <ClInclude Include="GameModel.h">
      <Filter>Header Files\GameLogic</Filter>
    </ClInclude>
    <ClInclude Include="Window.h">
      <Filter>Header Files\Engine</Filter>
    </ClInclude>
    <ClInclude Include="Engine.h">
      <Filter>Header Files\Engine</Filter>
    </ClInclude>
    <ClInclude Include="CameraManager.h">
      <Filter>Header Files\Cameras</Filter>
    </ClInclude>
    <ClInclude Include="ConstraintAttachment.h">
      <Filter>Header Files\Cameras\Attachments</Filter>
    </ClInclude>
    <ClInclude Include="EngineAccess.h">
      <Filter>Header Files\Engine</Filter>
    </ClInclude>
    <ClInclude Include="DrawRequest.h">
      <Filter>Header Files\Engine</Filter>
    </ClInclude>
    <ClInclude Include="TextureInfos.h">
      <Filter>Header Files\Graphics</Filter>
    </ClInclude>
    <ClInclude Include="TextureDrawRequest.h">
      <Filter>Header Files\Engine</Filter>
    </ClInclude>
    <ClInclude Include="TileDrawRequest.h">
      <Filter>Header Files\Engine</Filter>
    </ClInclude>
    <ClInclude Include="Resource.h">
      <Filter>Header Files\GameLogic\Resources</Filter>
    </ClInclude>
    <ClInclude Include="ResourceModifier.h">
      <Filter>Header Files\GameLogic\Resources</Filter>
    </ClInclude>
    <ClInclude Include="StepResourceModifier.h">
      <Filter>Header Files\GameLogic\Resources</Filter>
    </ClInclude>
    <ClInclude Include="Collidable.h">
      <Filter>Header Files\Collision</Filter>
    </ClInclude>
    <ClInclude Include="CollisionVisitor.h">
      <Filter>Header Files\Collision</Filter>
    </ClInclude>
    <ClInclude Include="CollisionResolver.h">
      <Filter>Header Files\Collision</Filter>
    </ClInclude>
    <ClInclude Include="PowerUpGameObject.h">
      <Filter>Header Files\GameObjects</Filter>
    </ClInclude>
    <ClInclude Include="CollisionInterface.h">
      <Filter>Header Files\Collision</Filter>
    </ClInclude>
    <ClInclude Include="ModelCommand.h">
      <Filter>Header Files\GameLogic\ModelCommands</Filter>
    </ClInclude>
    <ClInclude Include="MoveObjectModelCommand.h">
      <Filter>Header Files\GameLogic\ModelCommands</Filter>
    </ClInclude>
    <ClInclude Include="CommandQueue.h">
      <Filter>Header Files\Utility</Filter>
    </ClInclude>
    <ClInclude Include="GameModelAccess.h">
      <Filter>Header Files\GameLogic</Filter>
    </ClInclude>
    <ClInclude Include="ChangeHealthModelCommand.h">
      <Filter>Header Files\GameLogic\ModelCommands</Filter>
    </ClInclude>
    <ClInclude Include="MoveCameraModelCommand.h">
      <Filter>Header Files\GameLogic\ModelCommands</Filter>
    </ClInclude>
  </ItemGroup>
  <ItemGroup>
    <None Include="CommandQueue.inl">
      <Filter>Source Files\Utility</Filter>
    </None>
  </ItemGroup>
</Project>